
Microsoft Visual Studio Solution File, Format Version 12.00
# Visual Studio 2012
Project("{FAE04EC0-301F-11D3-BF4B-00C04F79EFBC}") = "Enesy", "Enesy\Enesy.csproj", "{809BA199-3C18-4283-978E-6D335C2B2FF5}"
EndProject
Project("{FAE04EC0-301F-11D3-BF4B-00C04F79EFBC}") = "EnesyCAD", "EnesyCAD\EnesyCAD.csproj", "{1ACDE011-29EA-40FF-B6E2-67A4AEF270B1}"
EndProject
Global
	GlobalSection(SolutionConfigurationPlatforms) = preSolution
		Debug|Any CPU = Debug|Any CPU
		Release|Any CPU = Release|Any CPU
	EndGlobalSection
	GlobalSection(ProjectConfigurationPlatforms) = postSolution
		{809BA199-3C18-4283-978E-6D335C2B2FF5}.Debug|Any CPU.ActiveCfg = Debug|Any CPU
		{809BA199-3C18-4283-978E-6D335C2B2FF5}.Debug|Any CPU.Build.0 = Debug|Any CPU
		{809BA199-3C18-4283-978E-6D335C2B2FF5}.Release|Any CPU.ActiveCfg = Release|Any CPU
		{809BA199-3C18-4283-978E-6D335C2B2FF5}.Release|Any CPU.Build.0 = Release|Any CPU
		{1ACDE011-29EA-40FF-B6E2-67A4AEF270B1}.Debug|Any CPU.ActiveCfg = Debug|Any CPU
		{1ACDE011-29EA-40FF-B6E2-67A4AEF270B1}.Debug|Any CPU.Build.0 = Debug|Any CPU
		{1ACDE011-29EA-40FF-B6E2-67A4AEF270B1}.Release|Any CPU.ActiveCfg = Release|Any CPU
		{1ACDE011-29EA-40FF-B6E2-67A4AEF270B1}.Release|Any CPU.Build.0 = Release|Any CPU
	EndGlobalSection
	GlobalSection(SolutionProperties) = preSolution
		HideSolutionNode = FALSE
	EndGlobalSection
EndGlobal
