
Microsoft Visual Studio Solution File, Format Version 12.00
# Visual Studio 2012
Project("{FAE04EC0-301F-11D3-BF4B-00C04F79EFBC}") = "Enesy", "Enesy\Enesy.csproj", "{809BA199-3C18-4283-978E-6D335C2B2FF5}"
EndProject
Project("{FAE04EC0-301F-11D3-BF4B-00C04F79EFBC}") = "EnesyCAD", "EnesyCAD\EnesyCAD.csproj", "{1ACDE011-29EA-40FF-B6E2-67A4AEF270B1}"
EndProject
Project("{FAE04EC0-301F-11D3-BF4B-00C04F79EFBC}") = "EnesyLOAD", "EnesyLOAD\EnesyLOAD.csproj", "{EB6B56EF-8284-40FB-B48C-D62CC294E15B}"
EndProject
Project("{2150E333-8FDC-42A3-9474-1A3956D46DE8}") = "zTest", "zTest", "{5CC8FEC7-3F2D-4EA1-8F63-76B8440F74DE}"
EndProject
Global
	GlobalSection(SolutionConfigurationPlatforms) = preSolution
		Debug|Any CPU = Debug|Any CPU
		Debug|x86 = Debug|x86
		Release|Any CPU = Release|Any CPU
		Release|x86 = Release|x86
	EndGlobalSection
	GlobalSection(ProjectConfigurationPlatforms) = postSolution
		{809BA199-3C18-4283-978E-6D335C2B2FF5}.Debug|Any CPU.ActiveCfg = Debug|Any CPU
		{809BA199-3C18-4283-978E-6D335C2B2FF5}.Debug|Any CPU.Build.0 = Debug|Any CPU
		{809BA199-3C18-4283-978E-6D335C2B2FF5}.Debug|x86.ActiveCfg = Debug|Any CPU
		{809BA199-3C18-4283-978E-6D335C2B2FF5}.Release|Any CPU.ActiveCfg = Release|Any CPU
		{809BA199-3C18-4283-978E-6D335C2B2FF5}.Release|Any CPU.Build.0 = Release|Any CPU
		{809BA199-3C18-4283-978E-6D335C2B2FF5}.Release|x86.ActiveCfg = Release|Any CPU
		{1ACDE011-29EA-40FF-B6E2-67A4AEF270B1}.Debug|Any CPU.ActiveCfg = Debug|Any CPU
		{1ACDE011-29EA-40FF-B6E2-67A4AEF270B1}.Debug|Any CPU.Build.0 = Debug|Any CPU
		{1ACDE011-29EA-40FF-B6E2-67A4AEF270B1}.Debug|x86.ActiveCfg = Debug|Any CPU
		{1ACDE011-29EA-40FF-B6E2-67A4AEF270B1}.Release|Any CPU.ActiveCfg = Release|Any CPU
		{1ACDE011-29EA-40FF-B6E2-67A4AEF270B1}.Release|Any CPU.Build.0 = Release|Any CPU
		{1ACDE011-29EA-40FF-B6E2-67A4AEF270B1}.Release|x86.ActiveCfg = Release|Any CPU
		{EB6B56EF-8284-40FB-B48C-D62CC294E15B}.Debug|Any CPU.ActiveCfg = Debug|Any CPU
		{EB6B56EF-8284-40FB-B48C-D62CC294E15B}.Debug|Any CPU.Build.0 = Debug|Any CPU
		{EB6B56EF-8284-40FB-B48C-D62CC294E15B}.Debug|x86.ActiveCfg = Debug|Any CPU
		{EB6B56EF-8284-40FB-B48C-D62CC294E15B}.Release|Any CPU.ActiveCfg = Release|Any CPU
		{EB6B56EF-8284-40FB-B48C-D62CC294E15B}.Release|Any CPU.Build.0 = Release|Any CPU
		{EB6B56EF-8284-40FB-B48C-D62CC294E15B}.Release|x86.ActiveCfg = Release|Any CPU
	EndGlobalSection
	GlobalSection(SolutionProperties) = preSolution
		HideSolutionNode = FALSE
	EndGlobalSection
EndGlobal
